# THIS IS AN AUTOGENERATED FILE. DO NOT EDIT THIS FILE DIRECTLY.
# yarn lockfile v1


"@fortawesome/fontawesome-free@^5.10.2":
  version "5.10.2"
  resolved "https://registry.yarnpkg.com/@fortawesome/fontawesome-free/-/fontawesome-free-5.10.2.tgz#27e02da1e34b50c9869179d364fb46627b521130"
  integrity sha512-9pw+Nsnunl9unstGEHQ+u41wBEQue6XPBsILXtJF/4fNN1L3avJcMF/gGF86rIjeTAgfLjTY9ndm68/X4f4idQ==

"@mdi/font@^4.1.95":
  version "4.1.95"
  resolved "https://registry.yarnpkg.com/@mdi/font/-/font-4.1.95.tgz#8a1ee05601757c57eb073f21c28e259ca2fe1102"
  integrity sha512-/XhFVHkaBEVSaskmfhe/9sne+Sxkl8rUVdtSk5SCUAiPlFKidzYPDOWi9WGRiYYy8/OC4KuAHTRHvCNPywCxgg==
